Microsoft Visual Studio Solution File, Format Version 12.00
# Visual Studio Version 17
VisualStudioVersion = 17.5.2.0
MinimumVisualStudioVersion = 10.0.40219.1
Project("{FAE04EC0-301F-11D3-BF4B-00C04F79EFBC}") = "Sydvest-Bo", "Sydvest-Bo.csproj", "{20709EF6-68C6-FD7D-85FE-CD0CE3439138}"
EndProject
Global
	GlobalSection(SolutionConfigurationPlatforms) = preSolution
		Debug|Any CPU = Debug|Any CPU
		Release|Any CPU = Release|Any CPU
	EndGlobalSection
	GlobalSection(ProjectConfigurationPlatforms) = postSolution
		{20709EF6-68C6-FD7D-85FE-CD0CE3439138}.Debug|Any CPU.ActiveCfg = Debug|Any CPU
		{20709EF6-68C6-FD7D-85FE-CD0CE3439138}.Debug|Any CPU.Build.0 = Debug|Any CPU
		{20709EF6-68C6-FD7D-85FE-CD0CE3439138}.Release|Any CPU.ActiveCfg = Release|Any CPU
		{20709EF6-68C6-FD7D-85FE-CD0CE3439138}.Release|Any CPU.Build.0 = Release|Any CPU
	EndGlobalSection
	GlobalSection(SolutionProperties) = preSolution
		HideSolutionNode = FALSE
	EndGlobalSection
	GlobalSection(ExtensibilityGlobals) = postSolution
		SolutionGuid = {AEE0BB96-7D64-480E-AE13-98FBF0320F13}
	EndGlobalSection
EndGlobal
